
Microsoft Visual Studio Solution File, Format Version 12.00
# Visual Studio Version 16
VisualStudioVersion = 16.0.28803.202
MinimumVisualStudioVersion = 10.0.40219.1
Project("{FAE04EC0-301F-11D3-BF4B-00C04F79EFBC}") = "2015_GA1_Aufgabe2", "2015_GA1_Aufgabe2\2015_GA1_Aufgabe2.csproj", "{207704D4-2DD5-4986-9CAD-4457BEF302C3}"
EndProject
Global
	GlobalSection(SolutionConfigurationPlatforms) = preSolution
		Debug|Any CPU = Debug|Any CPU
		Release|Any CPU = Release|Any CPU
	EndGlobalSection
	GlobalSection(ProjectConfigurationPlatforms) = postSolution
		{207704D4-2DD5-4986-9CAD-4457BEF302C3}.Debug|Any CPU.ActiveCfg = Debug|Any CPU
		{207704D4-2DD5-4986-9CAD-4457BEF302C3}.Debug|Any CPU.Build.0 = Debug|Any CPU
		{207704D4-2DD5-4986-9CAD-4457BEF302C3}.Release|Any CPU.ActiveCfg = Release|Any CPU
		{207704D4-2DD5-4986-9CAD-4457BEF302C3}.Release|Any CPU.Build.0 = Release|Any CPU
	EndGlobalSection
	GlobalSection(SolutionProperties) = preSolution
		HideSolutionNode = FALSE
	EndGlobalSection
	GlobalSection(ExtensibilityGlobals) = postSolution
		SolutionGuid = {AFA9FC71-F6DA-4BDA-9548-472E02C5773C}
	EndGlobalSection
EndGlobal
